
Microsoft Visual Studio Solution File, Format Version 12.00
# Visual Studio Version 16
VisualStudioVersion = 16.0.31402.337
MinimumVisualStudioVersion = 10.0.40219.1
Project("{FAE04EC0-301F-11D3-BF4B-00C04F79EFBC}") = "BlogProject", "BlogProject.csproj", "{9EF001D6-B2C8-41FA-9CE2-7C76EC255575}"
EndProject
Global
	GlobalSection(SolutionConfigurationPlatforms) = preSolution
		Debug|Any CPU = Debug|Any CPU
		Release|Any CPU = Release|Any CPU
	EndGlobalSection
	GlobalSection(ProjectConfigurationPlatforms) = postSolution
		{9EF001D6-B2C8-41FA-9CE2-7C76EC255575}.Debug|Any CPU.ActiveCfg = Debug|Any CPU
		{9EF001D6-B2C8-41FA-9CE2-7C76EC255575}.Debug|Any CPU.Build.0 = Debug|Any CPU
		{9EF001D6-B2C8-41FA-9CE2-7C76EC255575}.Release|Any CPU.ActiveCfg = Release|Any CPU
		{9EF001D6-B2C8-41FA-9CE2-7C76EC255575}.Release|Any CPU.Build.0 = Release|Any CPU
	EndGlobalSection
	GlobalSection(SolutionProperties) = preSolution
		HideSolutionNode = FALSE
	EndGlobalSection
	GlobalSection(ExtensibilityGlobals) = postSolution
		SolutionGuid = {FD0EBF9B-E988-4585-9BA3-C7442C1C42ED}
	EndGlobalSection
EndGlobal
