
Microsoft Visual Studio Solution File, Format Version 12.00
# Visual Studio Version 17
VisualStudioVersion = 17.3.32819.101
MinimumVisualStudioVersion = 10.0.40219.1
Project("{9A19103F-16F7-4668-BE54-9A1E7A4F7556}") = "BlogProject", "BlogProject.csproj", "{9EF001D6-B2C8-41FA-9CE2-7C76EC255575}"
EndProject
Project("{FAE04EC0-301F-11D3-BF4B-00C04F79EFBC}") = "BlogAPI", "..\BlogAPI\BlogAPI.csproj", "{3BF8498E-31CA-4861-BD66-1D1378DA2273}"
EndProject
Global
	GlobalSection(SolutionConfigurationPlatforms) = preSolution
		Debug|Any CPU = Debug|Any CPU
		Release|Any CPU = Release|Any CPU
	EndGlobalSection
	GlobalSection(ProjectConfigurationPlatforms) = postSolution
		{9EF001D6-B2C8-41FA-9CE2-7C76EC255575}.Debug|Any CPU.ActiveCfg = Debug|Any CPU
		{9EF001D6-B2C8-41FA-9CE2-7C76EC255575}.Debug|Any CPU.Build.0 = Debug|Any CPU
		{9EF001D6-B2C8-41FA-9CE2-7C76EC255575}.Release|Any CPU.ActiveCfg = Release|Any CPU
		{9EF001D6-B2C8-41FA-9CE2-7C76EC255575}.Release|Any CPU.Build.0 = Release|Any CPU
		{3BF8498E-31CA-4861-BD66-1D1378DA2273}.Debug|Any CPU.ActiveCfg = Debug|Any CPU
		{3BF8498E-31CA-4861-BD66-1D1378DA2273}.Debug|Any CPU.Build.0 = Debug|Any CPU
		{3BF8498E-31CA-4861-BD66-1D1378DA2273}.Release|Any CPU.ActiveCfg = Release|Any CPU
		{3BF8498E-31CA-4861-BD66-1D1378DA2273}.Release|Any CPU.Build.0 = Release|Any CPU
	EndGlobalSection
	GlobalSection(SolutionProperties) = preSolution
		HideSolutionNode = FALSE
	EndGlobalSection
	GlobalSection(ExtensibilityGlobals) = postSolution
		SolutionGuid = {FD0EBF9B-E988-4585-9BA3-C7442C1C42ED}
	EndGlobalSection
EndGlobal
